Microsoft Visual Studio Solution File, Format Version 12.00
# Visual Studio Version 17
VisualStudioVersion = 17.5.2.0
MinimumVisualStudioVersion = 10.0.40219.1
Project("{2150E333-8FDC-42A3-9474-1A3956D46DE8}") = "01-csharp-fundamentos", "01-csharp-fundamentos", "{15E1990F-3AF4-AE8D-98CC-302D6657909D}"
EndProject
Project("{FAE04EC0-301F-11D3-BF4B-00C04F79EFBC}") = "CrudEmpleadosConsola", "01-csharp-fundamentos\CrudEmpleadosConsola\CrudEmpleadosConsola.csproj", "{C34E13D5-E614-4158-DB6F-259EF4C51F17}"
EndProject
Global
	GlobalSection(SolutionConfigurationPlatforms) = preSolution
		Debug|Any CPU = Debug|Any CPU
		Release|Any CPU = Release|Any CPU
	EndGlobalSection
	GlobalSection(ProjectConfigurationPlatforms) = postSolution
		{C34E13D5-E614-4158-DB6F-259EF4C51F17}.Debug|Any CPU.ActiveCfg = Debug|Any CPU
		{C34E13D5-E614-4158-DB6F-259EF4C51F17}.Debug|Any CPU.Build.0 = Debug|Any CPU
		{C34E13D5-E614-4158-DB6F-259EF4C51F17}.Release|Any CPU.ActiveCfg = Release|Any CPU
		{C34E13D5-E614-4158-DB6F-259EF4C51F17}.Release|Any CPU.Build.0 = Release|Any CPU
	EndGlobalSection
	GlobalSection(SolutionProperties) = preSolution
		HideSolutionNode = FALSE
	EndGlobalSection
	GlobalSection(NestedProjects) = preSolution
		{C34E13D5-E614-4158-DB6F-259EF4C51F17} = {15E1990F-3AF4-AE8D-98CC-302D6657909D}
	EndGlobalSection
	GlobalSection(ExtensibilityGlobals) = postSolution
		SolutionGuid = {35A8D3AF-EAC6-4018-B340-1E59EA7B5FC4}
	EndGlobalSection
EndGlobal
